
Microsoft Visual Studio Solution File, Format Version 12.00
# Visual Studio Version 17
VisualStudioVersion = 17.14.35806.103 d17.14
MinimumVisualStudioVersion = 10.0.40219.1
Project("{8BC9CEB8-8B4A-11D0-8D11-00A0C91BC942}") = "WKDD", "WKDD.vcxproj", "{F0A06DC8-7AEF-4905-AF3E-77C3F165766D}"
EndProject
Project("{8BC9CEB8-8B4A-11D0-8D11-00A0C91BC942}") = "Tests", "..\Tests\Tests.vcxproj", "{7A34F63C-9295-0358-6B9E-303C6B703E11}"
EndProject
Global
	GlobalSection(SolutionConfigurationPlatforms) = preSolution
		Debug|x64 = Debug|x64
		Debug|x86 = Debug|x86
		Release|x64 = Release|x64
		Release|x86 = Release|x86
	EndGlobalSection
	GlobalSection(ProjectConfigurationPlatforms) = postSolution
		{F0A06DC8-7AEF-4905-AF3E-77C3F165766D}.Debug|x64.ActiveCfg = Debug|x64
		{F0A06DC8-7AEF-4905-AF3E-77C3F165766D}.Debug|x64.Build.0 = Debug|x64
		{F0A06DC8-7AEF-4905-AF3E-77C3F165766D}.Debug|x86.ActiveCfg = Debug|Win32
		{F0A06DC8-7AEF-4905-AF3E-77C3F165766D}.Debug|x86.Build.0 = Debug|Win32
		{F0A06DC8-7AEF-4905-AF3E-77C3F165766D}.Release|x64.ActiveCfg = Release|x64
		{F0A06DC8-7AEF-4905-AF3E-77C3F165766D}.Release|x64.Build.0 = Release|x64
		{F0A06DC8-7AEF-4905-AF3E-77C3F165766D}.Release|x86.ActiveCfg = Release|Win32
		{F0A06DC8-7AEF-4905-AF3E-77C3F165766D}.Release|x86.Build.0 = Release|Win32
		{7A34F63C-9295-0358-6B9E-303C6B703E11}.Debug|x64.ActiveCfg = Debug|x64
		{7A34F63C-9295-0358-6B9E-303C6B703E11}.Debug|x64.Build.0 = Debug|x64
		{7A34F63C-9295-0358-6B9E-303C6B703E11}.Debug|x86.ActiveCfg = Debug|Win32
		{7A34F63C-9295-0358-6B9E-303C6B703E11}.Debug|x86.Build.0 = Debug|Win32
		{7A34F63C-9295-0358-6B9E-303C6B703E11}.Release|x64.ActiveCfg = Release|x64
		{7A34F63C-9295-0358-6B9E-303C6B703E11}.Release|x64.Build.0 = Release|x64
		{7A34F63C-9295-0358-6B9E-303C6B703E11}.Release|x86.ActiveCfg = Release|Win32
		{7A34F63C-9295-0358-6B9E-303C6B703E11}.Release|x86.Build.0 = Release|Win32
	EndGlobalSection
	GlobalSection(SolutionProperties) = preSolution
		HideSolutionNode = FALSE
	EndGlobalSection
	GlobalSection(ExtensibilityGlobals) = postSolution
		SolutionGuid = {6050C153-A657-48D7-A428-CD7115B28575}
	EndGlobalSection
EndGlobal
